// !$*UTF8*$!
{
	archiveVersion = 1;
	classes = {
	};
	objectVersion = 56;
	objects = {

/* Begin PBXBuildFile section */
		87009A2B2B1087420039B854 /* UIBlockingProgressHUD.swift in Sources */ = {isa = PBXBuildFile; fileRef = 87009A2A2B1087420039B854 /* UIBlockingProgressHUD.swift */; };
		87009A2D2B108F330039B854 /* ProfileService.swift in Sources */ = {isa = PBXBuildFile; fileRef = 87009A2C2B108F330039B854 /* ProfileService.swift */; };
		87009A2F2B108F950039B854 /* ProfileResult.swift in Sources */ = {isa = PBXBuildFile; fileRef = 87009A2E2B108F950039B854 /* ProfileResult.swift */; };
		87009A312B1091800039B854 /* ProfileViewModel.swift in Sources */ = {isa = PBXBuildFile; fileRef = 87009A302B1091800039B854 /* ProfileViewModel.swift */; };
		87161A822AFB9B08001801B2 /* AuthViewController.swift in Sources */ = {isa = PBXBuildFile; fileRef = 87161A812AFB9B08001801B2 /* AuthViewController.swift */; };
		871EA8792B0B81B400C91A80 /* ProgressHUD in Frameworks */ = {isa = PBXBuildFile; productRef = 871EA8782B0B81B400C91A80 /* ProgressHUD */; };
		8721D2CF2AFA7AAE002B1365 /* Constants.swift in Sources */ = {isa = PBXBuildFile; fileRef = 8721D2CE2AFA7AAE002B1365 /* Constants.swift */; };
		877A173F2AFE283F00300599 /* OAuthTokenResponseBody.swift in Sources */ = {isa = PBXBuildFile; fileRef = 877A173E2AFE283F00300599 /* OAuthTokenResponseBody.swift */; };
		877A17412AFE29FB00300599 /* OAuth2Service.swift in Sources */ = {isa = PBXBuildFile; fileRef = 877A17402AFE29FB00300599 /* OAuth2Service.swift */; };
		877A17462B024E3200300599 /* OAuth2TokenStorage.swift in Sources */ = {isa = PBXBuildFile; fileRef = 877A17452B024E3200300599 /* OAuth2TokenStorage.swift */; };
		8794BAA02AE2B61C00EC5E6E /* ProfileViewController.swift in Sources */ = {isa = PBXBuildFile; fileRef = 8794BA9F2AE2B61C00EC5E6E /* ProfileViewController.swift */; };
		8794BAA22AE2DAED00EC5E6E /* SingleImageViewController.swift in Sources */ = {isa = PBXBuildFile; fileRef = 8794BAA12AE2DAED00EC5E6E /* SingleImageViewController.swift */; };
		879667162B19E17D002D2ED3 /* SwiftKeychainWrapper in Frameworks */ = {isa = PBXBuildFile; productRef = 879667152B19E17D002D2ED3 /* SwiftKeychainWrapper */; };
		879667182B19F650002D2ED3 /* TabBarController.swift in Sources */ = {isa = PBXBuildFile; fileRef = 879667172B19F650002D2ED3 /* TabBarController.swift */; };
		87B3C70C2B18BDC40028377D /* Kingfisher in Frameworks */ = {isa = PBXBuildFile; productRef = 87B3C70B2B18BDC40028377D /* Kingfisher */; };
		87BC74252AD02C2C009C2EE9 /* AppDelegate.swift in Sources */ = {isa = PBXBuildFile; fileRef = 87BC74242AD02C2C009C2EE9 /* AppDelegate.swift */; };
		87BC74272AD02C2C009C2EE9 /* SceneDelegate.swift in Sources */ = {isa = PBXBuildFile; fileRef = 87BC74262AD02C2C009C2EE9 /* SceneDelegate.swift */; };
		87BC74292AD02C2C009C2EE9 /* ImagesListViewController.swift in Sources */ = {isa = PBXBuildFile; fileRef = 87BC74282AD02C2C009C2EE9 /* ImagesListViewController.swift */; };
		87BC742C2AD02C2C009C2EE9 /* Main.storyboard in Resources */ = {isa = PBXBuildFile; fileRef = 87BC742A2AD02C2C009C2EE9 /* Main.storyboard */; };
		87BC742E2AD02C2E009C2EE9 /* Assets.xcassets in Resources */ = {isa = PBXBuildFile; fileRef = 87BC742D2AD02C2E009C2EE9 /* Assets.xcassets */; };
		87BC74312AD02C2E009C2EE9 /* LaunchScreen.storyboard in Resources */ = {isa = PBXBuildFile; fileRef = 87BC742F2AD02C2E009C2EE9 /* LaunchScreen.storyboard */; };
		87BED2F22AFBA42A00FD31D3 /* WebViewViewController.swift in Sources */ = {isa = PBXBuildFile; fileRef = 87BED2F12AFBA42A00FD31D3 /* WebViewViewController.swift */; };
		87D142BD2B04DAAC00D27C1C /* SplashViewController.swift in Sources */ = {isa = PBXBuildFile; fileRef = 87D142BC2B04DAAC00D27C1C /* SplashViewController.swift */; };
		87D595BD2B15DDE600820633 /* ProfileImageService.swift in Sources */ = {isa = PBXBuildFile; fileRef = 87D595BC2B15DDE600820633 /* ProfileImageService.swift */; };
		87D595BF2B15DF9400820633 /* UserResult.swift in Sources */ = {isa = PBXBuildFile; fileRef = 87D595BE2B15DF9400820633 /* UserResult.swift */; };
		87D595C42B17494B00820633 /* UrlSession+Extensions.swift in Sources */ = {isa = PBXBuildFile; fileRef = 87D595C32B17494B00820633 /* UrlSession+Extensions.swift */; };
		87D595C62B175AE600820633 /* AlertPresenter.swift in Sources */ = {isa = PBXBuildFile; fileRef = 87D595C52B175AE600820633 /* AlertPresenter.swift */; };
		87D595C82B175BFB00820633 /* AlertModel.swift in Sources */ = {isa = PBXBuildFile; fileRef = 87D595C72B175BFB00820633 /* AlertModel.swift */; };
		87E2CF0C2B1DD98700B52E03 /* ImagesLIstService.swift in Sources */ = {isa = PBXBuildFile; fileRef = 87E2CF0B2B1DD98700B52E03 /* ImagesLIstService.swift */; };
		87E2CF0E2B1DDA8000B52E03 /* PhotoResult.swift in Sources */ = {isa = PBXBuildFile; fileRef = 87E2CF0D2B1DDA8000B52E03 /* PhotoResult.swift */; };
		87F483DF2AD9577A0094BAAA /* ImagesListCell.swift in Sources */ = {isa = PBXBuildFile; fileRef = 87F483DE2AD957790094BAAA /* ImagesListCell.swift */; };
		87FA3A382ADEFD8C00C7A3B1 /* ImagesListCell.xib in Resources */ = {isa = PBXBuildFile; fileRef = 87FA3A372ADEFD8C00C7A3B1 /* ImagesListCell.xib */; };
/* End PBXBuildFile section */

/* Begin PBXFileReference section */
		87009A2A2B1087420039B854 /* UIBlockingProgressHUD.swift */ = {isa = PBXFileReference; lastKnownFileType = sourcecode.swift; path = UIBlockingProgressHUD.swift; sourceTree = "<group>"; };
		87009A2C2B108F330039B854 /* ProfileService.swift */ = {isa = PBXFileReference; lastKnownFileType = sourcecode.swift; path = ProfileService.swift; sourceTree = "<group>"; };
		87009A2E2B108F950039B854 /* ProfileResult.swift */ = {isa = PBXFileReference; lastKnownFileType = sourcecode.swift; path = ProfileResult.swift; sourceTree = "<group>"; };
		87009A302B1091800039B854 /* ProfileViewModel.swift */ = {isa = PBXFileReference; lastKnownFileType = sourcecode.swift; path = ProfileViewModel.swift; sourceTree = "<group>"; };
		87161A812AFB9B08001801B2 /* AuthViewController.swift */ = {isa = PBXFileReference; lastKnownFileType = sourcecode.swift; path = AuthViewController.swift; sourceTree = "<group>"; };
		8721D2CE2AFA7AAE002B1365 /* Constants.swift */ = {isa = PBXFileReference; lastKnownFileType = sourcecode.swift; path = Constants.swift; sourceTree = "<group>"; };
		877A173E2AFE283F00300599 /* OAuthTokenResponseBody.swift */ = {isa = PBXFileReference; lastKnownFileType = sourcecode.swift; path = OAuthTokenResponseBody.swift; sourceTree = "<group>"; };
		877A17402AFE29FB00300599 /* OAuth2Service.swift */ = {isa = PBXFileReference; lastKnownFileType = sourcecode.swift; path = OAuth2Service.swift; sourceTree = "<group>"; };
		877A17452B024E3200300599 /* OAuth2TokenStorage.swift */ = {isa = PBXFileReference; lastKnownFileType = sourcecode.swift; path = OAuth2TokenStorage.swift; sourceTree = "<group>"; };
		8794BA9F2AE2B61C00EC5E6E /* ProfileViewController.swift */ = {isa = PBXFileReference; lastKnownFileType = sourcecode.swift; path = ProfileViewController.swift; sourceTree = "<group>"; };
		8794BAA12AE2DAED00EC5E6E /* SingleImageViewController.swift */ = {isa = PBXFileReference; lastKnownFileType = sourcecode.swift; path = SingleImageViewController.swift; sourceTree = "<group>"; };
		879667172B19F650002D2ED3 /* TabBarController.swift */ = {isa = PBXFileReference; lastKnownFileType = sourcecode.swift; path = TabBarController.swift; sourceTree = "<group>"; };
		87BC74212AD02C2C009C2EE9 /* ImageFeed.app */ = {isa = PBXFileReference; explicitFileType = wrapper.application; includeInIndex = 0; path = ImageFeed.app; sourceTree = BUILT_PRODUCTS_DIR; };
		87BC74242AD02C2C009C2EE9 /* AppDelegate.swift */ = {isa = PBXFileReference; lastKnownFileType = sourcecode.swift; path = AppDelegate.swift; sourceTree = "<group>"; };
		87BC74262AD02C2C009C2EE9 /* SceneDelegate.swift */ = {isa = PBXFileReference; lastKnownFileType = sourcecode.swift; path = SceneDelegate.swift; sourceTree = "<group>"; };
		87BC74282AD02C2C009C2EE9 /* ImagesListViewController.swift */ = {isa = PBXFileReference; lastKnownFileType = sourcecode.swift; path = ImagesListViewController.swift; sourceTree = "<group>"; };
		87BC742B2AD02C2C009C2EE9 /* Base */ = {isa = PBXFileReference; lastKnownFileType = file.storyboard; name = Base; path = Base.lproj/Main.storyboard; sourceTree = "<group>"; };
		87BC742D2AD02C2E009C2EE9 /* Assets.xcassets */ = {isa = PBXFileReference; lastKnownFileType = folder.assetcatalog; path = Assets.xcassets; sourceTree = "<group>"; };
		87BC74302AD02C2E009C2EE9 /* Base */ = {isa = PBXFileReference; lastKnownFileType = file.storyboard; name = Base; path = Base.lproj/LaunchScreen.storyboard; sourceTree = "<group>"; };
		87BC74322AD02C2E009C2EE9 /* Info.plist */ = {isa = PBXFileReference; lastKnownFileType = text.plist.xml; path = Info.plist; sourceTree = "<group>"; };
		87BED2F12AFBA42A00FD31D3 /* WebViewViewController.swift */ = {isa = PBXFileReference; lastKnownFileType = sourcecode.swift; path = WebViewViewController.swift; sourceTree = "<group>"; };
		87D142BC2B04DAAC00D27C1C /* SplashViewController.swift */ = {isa = PBXFileReference; lastKnownFileType = sourcecode.swift; path = SplashViewController.swift; sourceTree = "<group>"; };
		87D595BC2B15DDE600820633 /* ProfileImageService.swift */ = {isa = PBXFileReference; lastKnownFileType = sourcecode.swift; path = ProfileImageService.swift; sourceTree = "<group>"; };
		87D595BE2B15DF9400820633 /* UserResult.swift */ = {isa = PBXFileReference; lastKnownFileType = sourcecode.swift; path = UserResult.swift; sourceTree = "<group>"; };
		87D595C32B17494B00820633 /* UrlSession+Extensions.swift */ = {isa = PBXFileReference; lastKnownFileType = sourcecode.swift; path = "UrlSession+Extensions.swift"; sourceTree = "<group>"; };
		87D595C52B175AE600820633 /* AlertPresenter.swift */ = {isa = PBXFileReference; lastKnownFileType = sourcecode.swift; path = AlertPresenter.swift; sourceTree = "<group>"; };
		87D595C72B175BFB00820633 /* AlertModel.swift */ = {isa = PBXFileReference; lastKnownFileType = sourcecode.swift; path = AlertModel.swift; sourceTree = "<group>"; };
		87E2CF0B2B1DD98700B52E03 /* ImagesLIstService.swift */ = {isa = PBXFileReference; lastKnownFileType = sourcecode.swift; path = ImagesLIstService.swift; sourceTree = "<group>"; };
		87E2CF0D2B1DDA8000B52E03 /* PhotoResult.swift */ = {isa = PBXFileReference; lastKnownFileType = sourcecode.swift; path = PhotoResult.swift; sourceTree = "<group>"; };
		87F483DE2AD957790094BAAA /* ImagesListCell.swift */ = {isa = PBXFileReference; lastKnownFileType = sourcecode.swift; path = ImagesListCell.swift; sourceTree = "<group>"; };
		87FA3A372ADEFD8C00C7A3B1 /* ImagesListCell.xib */ = {isa = PBXFileReference; lastKnownFileType = file.xib; path = ImagesListCell.xib; sourceTree = "<group>"; };
/* End PBXFileReference section */

/* Begin PBXFrameworksBuildPhase section */
		87BC741E2AD02C2C009C2EE9 /* Frameworks */ = {
			isa = PBXFrameworksBuildPhase;
			buildActionMask = 2147483647;
			files = (
				87B3C70C2B18BDC40028377D /* Kingfisher in Frameworks */,
				871EA8792B0B81B400C91A80 /* ProgressHUD in Frameworks */,
				879667162B19E17D002D2ED3 /* SwiftKeychainWrapper in Frameworks */,
			);
			runOnlyForDeploymentPostprocessing = 0;
		};
/* End PBXFrameworksBuildPhase section */

/* Begin PBXGroup section */
		87161A802AFB9ADA001801B2 /* Auth */ = {
			isa = PBXGroup;
			children = (
				87161A812AFB9B08001801B2 /* AuthViewController.swift */,
				87BED2F12AFBA42A00FD31D3 /* WebViewViewController.swift */,
			);
			path = Auth;
			sourceTree = "<group>";
		};
		8721D2CC2AFA7A51002B1365 /* Profile */ = {
			isa = PBXGroup;
			children = (
				8794BA9F2AE2B61C00EC5E6E /* ProfileViewController.swift */,
			);
			path = Profile;
			sourceTree = "<group>";
		};
		8721D2CD2AFA7A6C002B1365 /* SingleImage */ = {
			isa = PBXGroup;
			children = (
				8794BAA12AE2DAED00EC5E6E /* SingleImageViewController.swift */,
			);
			path = SingleImage;
			sourceTree = "<group>";
		};
		877A173D2AFE281A00300599 /* Models */ = {
			isa = PBXGroup;
			children = (
				877A173E2AFE283F00300599 /* OAuthTokenResponseBody.swift */,
				87009A2E2B108F950039B854 /* ProfileResult.swift */,
				87009A302B1091800039B854 /* ProfileViewModel.swift */,
				87D595BE2B15DF9400820633 /* UserResult.swift */,
				87D595C72B175BFB00820633 /* AlertModel.swift */,
				87E2CF0D2B1DDA8000B52E03 /* PhotoResult.swift */,
			);
			path = Models;
			sourceTree = "<group>";
		};
		877A17442B024E2200300599 /* Services */ = {
			isa = PBXGroup;
			children = (
				877A17402AFE29FB00300599 /* OAuth2Service.swift */,
				877A17452B024E3200300599 /* OAuth2TokenStorage.swift */,
				87009A2C2B108F330039B854 /* ProfileService.swift */,
				87D595BC2B15DDE600820633 /* ProfileImageService.swift */,
				87E2CF0B2B1DD98700B52E03 /* ImagesLIstService.swift */,
			);
			path = Services;
			sourceTree = "<group>";
		};
		8794BA9D2AE2B53600EC5E6E /* Resources */ = {
			isa = PBXGroup;
			children = (
				87BC742D2AD02C2E009C2EE9 /* Assets.xcassets */,
				87BC742F2AD02C2E009C2EE9 /* LaunchScreen.storyboard */,
				87BC74322AD02C2E009C2EE9 /* Info.plist */,
			);
			path = Resources;
			sourceTree = "<group>";
		};
		8794BA9E2AE2B56C00EC5E6E /* Presentation */ = {
			isa = PBXGroup;
			children = (
				87BC742A2AD02C2C009C2EE9 /* Main.storyboard */,
				87161A802AFB9ADA001801B2 /* Auth */,
				87F483E12AD957B30094BAAA /* ImagesList */,
				8721D2CC2AFA7A51002B1365 /* Profile */,
				8721D2CD2AFA7A6C002B1365 /* SingleImage */,
				87D142BC2B04DAAC00D27C1C /* SplashViewController.swift */,
				87009A2A2B1087420039B854 /* UIBlockingProgressHUD.swift */,
				87D595C52B175AE600820633 /* AlertPresenter.swift */,
				879667172B19F650002D2ED3 /* TabBarController.swift */,
			);
			path = Presentation;
			sourceTree = "<group>";
		};
		87BC74182AD02C2C009C2EE9 = {
			isa = PBXGroup;
			children = (
				87BC74232AD02C2C009C2EE9 /* ImageFeed */,
				87BC74222AD02C2C009C2EE9 /* Products */,
			);
			sourceTree = "<group>";
		};
		87BC74222AD02C2C009C2EE9 /* Products */ = {
			isa = PBXGroup;
			children = (
				87BC74212AD02C2C009C2EE9 /* ImageFeed.app */,
			);
			name = Products;
			sourceTree = "<group>";
		};
		87BC74232AD02C2C009C2EE9 /* ImageFeed */ = {
			isa = PBXGroup;
			children = (
				87D595C22B17492500820633 /* Helpers */,
				877A173D2AFE281A00300599 /* Models */,
				877A17442B024E2200300599 /* Services */,
				8794BA9E2AE2B56C00EC5E6E /* Presentation */,
				8794BA9D2AE2B53600EC5E6E /* Resources */,
				8721D2CE2AFA7AAE002B1365 /* Constants.swift */,
				87BC74242AD02C2C009C2EE9 /* AppDelegate.swift */,
				87BC74262AD02C2C009C2EE9 /* SceneDelegate.swift */,
			);
			path = ImageFeed;
			sourceTree = "<group>";
		};
		87D595C22B17492500820633 /* Helpers */ = {
			isa = PBXGroup;
			children = (
				87D595C32B17494B00820633 /* UrlSession+Extensions.swift */,
			);
			path = Helpers;
			sourceTree = "<group>";
		};
		87F483E12AD957B30094BAAA /* ImagesList */ = {
			isa = PBXGroup;
			children = (
				87FA3A372ADEFD8C00C7A3B1 /* ImagesListCell.xib */,
				87F483DE2AD957790094BAAA /* ImagesListCell.swift */,
				87BC74282AD02C2C009C2EE9 /* ImagesListViewController.swift */,
			);
			path = ImagesList;
			sourceTree = "<group>";
		};
/* End PBXGroup section */

/* Begin PBXNativeTarget section */
		87BC74202AD02C2C009C2EE9 /* ImageFeed */ = {
			isa = PBXNativeTarget;
			buildConfigurationList = 87BC74352AD02C2E009C2EE9 /* Build configuration list for PBXNativeTarget "ImageFeed" */;
			buildPhases = (
				87BC741D2AD02C2C009C2EE9 /* Sources */,
				87BC741E2AD02C2C009C2EE9 /* Frameworks */,
				87BC741F2AD02C2C009C2EE9 /* Resources */,
			);
			buildRules = (
			);
			dependencies = (
			);
			name = ImageFeed;
			packageProductDependencies = (
				871EA8782B0B81B400C91A80 /* ProgressHUD */,
				87B3C70B2B18BDC40028377D /* Kingfisher */,
				879667152B19E17D002D2ED3 /* SwiftKeychainWrapper */,
			);
			productName = ImageFeed;
			productReference = 87BC74212AD02C2C009C2EE9 /* ImageFeed.app */;
			productType = "com.apple.product-type.application";
		};
/* End PBXNativeTarget section */

/* Begin PBXProject section */
		87BC74192AD02C2C009C2EE9 /* Project object */ = {
			isa = PBXProject;
			attributes = {
				BuildIndependentTargetsInParallel = 1;
				LastSwiftUpdateCheck = 1500;
				LastUpgradeCheck = 1500;
				TargetAttributes = {
					87BC74202AD02C2C009C2EE9 = {
						CreatedOnToolsVersion = 15.0;
					};
				};
			};
			buildConfigurationList = 87BC741C2AD02C2C009C2EE9 /* Build configuration list for PBXProject "ImageFeed" */;
			compatibilityVersion = "Xcode 14.0";
			developmentRegion = en;
			hasScannedForEncodings = 0;
			knownRegions = (
				en,
				Base,
			);
			mainGroup = 87BC74182AD02C2C009C2EE9;
			packageReferences = (
				871EA8772B0B81B300C91A80 /* XCRemoteSwiftPackageReference "ProgressHUD" */,
				87B3C70A2B18BDC40028377D /* XCRemoteSwiftPackageReference "Kingfisher" */,
				879667142B19E17D002D2ED3 /* XCRemoteSwiftPackageReference "SwiftKeychainWrapper" */,
			);
			productRefGroup = 87BC74222AD02C2C009C2EE9 /* Products */;
			projectDirPath = "";
			projectRoot = "";
			targets = (
				87BC74202AD02C2C009C2EE9 /* ImageFeed */,
			);
		};
/* End PBXProject section */

/* Begin PBXResourcesBuildPhase section */
		87BC741F2AD02C2C009C2EE9 /* Resources */ = {
			isa = PBXResourcesBuildPhase;
			buildActionMask = 2147483647;
			files = (
				87BC74312AD02C2E009C2EE9 /* LaunchScreen.storyboard in Resources */,
				87FA3A382ADEFD8C00C7A3B1 /* ImagesListCell.xib in Resources */,
				87BC742E2AD02C2E009C2EE9 /* Assets.xcassets in Resources */,
				87BC742C2AD02C2C009C2EE9 /* Main.storyboard in Resources */,
			);
			runOnlyForDeploymentPostprocessing = 0;
		};
/* End PBXResourcesBuildPhase section */

/* Begin PBXSourcesBuildPhase section */
		87BC741D2AD02C2C009C2EE9 /* Sources */ = {
			isa = PBXSourcesBuildPhase;
			buildActionMask = 2147483647;
			files = (
				87BC74292AD02C2C009C2EE9 /* ImagesListViewController.swift in Sources */,
				87009A2D2B108F330039B854 /* ProfileService.swift in Sources */,
				87BC74252AD02C2C009C2EE9 /* AppDelegate.swift in Sources */,
				8794BAA02AE2B61C00EC5E6E /* ProfileViewController.swift in Sources */,
				87F483DF2AD9577A0094BAAA /* ImagesListCell.swift in Sources */,
				879667182B19F650002D2ED3 /* TabBarController.swift in Sources */,
				877A17412AFE29FB00300599 /* OAuth2Service.swift in Sources */,
				87D142BD2B04DAAC00D27C1C /* SplashViewController.swift in Sources */,
				87D595C42B17494B00820633 /* UrlSession+Extensions.swift in Sources */,
				87E2CF0E2B1DDA8000B52E03 /* PhotoResult.swift in Sources */,
				87D595C62B175AE600820633 /* AlertPresenter.swift in Sources */,
				87009A2F2B108F950039B854 /* ProfileResult.swift in Sources */,
				877A173F2AFE283F00300599 /* OAuthTokenResponseBody.swift in Sources */,
				87009A2B2B1087420039B854 /* UIBlockingProgressHUD.swift in Sources */,
				87E2CF0C2B1DD98700B52E03 /* ImagesLIstService.swift in Sources */,
				87D595BD2B15DDE600820633 /* ProfileImageService.swift in Sources */,
				87161A822AFB9B08001801B2 /* AuthViewController.swift in Sources */,
				87D595BF2B15DF9400820633 /* UserResult.swift in Sources */,
				87009A312B1091800039B854 /* ProfileViewModel.swift in Sources */,
				8721D2CF2AFA7AAE002B1365 /* Constants.swift in Sources */,
				8794BAA22AE2DAED00EC5E6E /* SingleImageViewController.swift in Sources */,
				87BED2F22AFBA42A00FD31D3 /* WebViewViewController.swift in Sources */,
				877A17462B024E3200300599 /* OAuth2TokenStorage.swift in Sources */,
				87D595C82B175BFB00820633 /* AlertModel.swift in Sources */,
				87BC74272AD02C2C009C2EE9 /* SceneDelegate.swift in Sources */,
			);
			runOnlyForDeploymentPostprocessing = 0;
		};
/* End PBXSourcesBuildPhase section */

/* Begin PBXVariantGroup section */
		87BC742A2AD02C2C009C2EE9 /* Main.storyboard */ = {
			isa = PBXVariantGroup;
			children = (
				87BC742B2AD02C2C009C2EE9 /* Base */,
			);
			name = Main.storyboard;
			sourceTree = "<group>";
		};
		87BC742F2AD02C2E009C2EE9 /* LaunchScreen.storyboard */ = {
			isa = PBXVariantGroup;
			children = (
				87BC74302AD02C2E009C2EE9 /* Base */,
			);
			name = LaunchScreen.storyboard;
			sourceTree = "<group>";
		};
/* End PBXVariantGroup section */

/* Begin XCBuildConfiguration section */
		87BC74332AD02C2E009C2EE9 /* Debug */ = {
			isa = XCBuildConfiguration;
			buildSettings = {
				ALWAYS_SEARCH_USER_PATHS = NO;
				ASSETCATALOG_COMPILER_GENERATE_SWIFT_ASSET_SYMBOL_EXTENSIONS = YES;
				CLANG_ANALYZER_NONNULL = YES;
				CLANG_ANALYZER_NUMBER_OBJECT_CONVERSION = YES_AGGRESSIVE;
				CLANG_CXX_LANGUAGE_STANDARD = "gnu++20";
				CLANG_ENABLE_MODULES = YES;
				CLANG_ENABLE_OBJC_ARC = YES;
				CLANG_ENABLE_OBJC_WEAK = YES;
				CLANG_WARN_BLOCK_CAPTURE_AUTORELEASING = YES;
				CLANG_WARN_BOOL_CONVERSION = YES;
				CLANG_WARN_COMMA = YES;
				CLANG_WARN_CONSTANT_CONVERSION = YES;
				CLANG_WARN_DEPRECATED_OBJC_IMPLEMENTATIONS = YES;
				CLANG_WARN_DIRECT_OBJC_ISA_USAGE = YES_ERROR;
				CLANG_WARN_DOCUMENTATION_COMMENTS = YES;
				CLANG_WARN_EMPTY_BODY = YES;
				CLANG_WARN_ENUM_CONVERSION = YES;
				CLANG_WARN_INFINITE_RECURSION = YES;
				CLANG_WARN_INT_CONVERSION = YES;
				CLANG_WARN_NON_LITERAL_NULL_CONVERSION = YES;
				CLANG_WARN_OBJC_IMPLICIT_RETAIN_SELF = YES;
				CLANG_WARN_OBJC_LITERAL_CONVERSION = YES;
				CLANG_WARN_OBJC_ROOT_CLASS = YES_ERROR;
				CLANG_WARN_QUOTED_INCLUDE_IN_FRAMEWORK_HEADER = YES;
				CLANG_WARN_RANGE_LOOP_ANALYSIS = YES;
				CLANG_WARN_STRICT_PROTOTYPES = YES;
				CLANG_WARN_SUSPICIOUS_MOVE = YES;
				CLANG_WARN_UNGUARDED_AVAILABILITY = YES_AGGRESSIVE;
				CLANG_WARN_UNREACHABLE_CODE = YES;
				CLANG_WARN__DUPLICATE_METHOD_MATCH = YES;
				COPY_PHASE_STRIP = NO;
				DEBUG_INFORMATION_FORMAT = dwarf;
				ENABLE_STRICT_OBJC_MSGSEND = YES;
				ENABLE_TESTABILITY = YES;
				ENABLE_USER_SCRIPT_SANDBOXING = YES;
				GCC_C_LANGUAGE_STANDARD = gnu17;
				GCC_DYNAMIC_NO_PIC = NO;
				GCC_NO_COMMON_BLOCKS = YES;
				GCC_OPTIMIZATION_LEVEL = 0;
				GCC_PREPROCESSOR_DEFINITIONS = (
					"DEBUG=1",
					"$(inherited)",
				);
				GCC_WARN_64_TO_32_BIT_CONVERSION = YES;
				GCC_WARN_ABOUT_RETURN_TYPE = YES_ERROR;
				GCC_WARN_UNDECLARED_SELECTOR = YES;
				GCC_WARN_UNINITIALIZED_AUTOS = YES_AGGRESSIVE;
				GCC_WARN_UNUSED_FUNCTION = YES;
				GCC_WARN_UNUSED_VARIABLE = YES;
				IPHONEOS_DEPLOYMENT_TARGET = 17.0;
				LOCALIZATION_PREFERS_STRING_CATALOGS = YES;
				MTL_ENABLE_DEBUG_INFO = INCLUDE_SOURCE;
				MTL_FAST_MATH = YES;
				ONLY_ACTIVE_ARCH = YES;
				SDKROOT = iphoneos;
				SWIFT_ACTIVE_COMPILATION_CONDITIONS = "DEBUG $(inherited)";
				SWIFT_OPTIMIZATION_LEVEL = "-Onone";
			};
			name = Debug;
		};
		87BC74342AD02C2E009C2EE9 /* Release */ = {
			isa = XCBuildConfiguration;
			buildSettings = {
				ALWAYS_SEARCH_USER_PATHS = NO;
				ASSETCATALOG_COMPILER_GENERATE_SWIFT_ASSET_SYMBOL_EXTENSIONS = YES;
				CLANG_ANALYZER_NONNULL = YES;
				CLANG_ANALYZER_NUMBER_OBJECT_CONVERSION = YES_AGGRESSIVE;
				CLANG_CXX_LANGUAGE_STANDARD = "gnu++20";
				CLANG_ENABLE_MODULES = YES;
				CLANG_ENABLE_OBJC_ARC = YES;
				CLANG_ENABLE_OBJC_WEAK = YES;
				CLANG_WARN_BLOCK_CAPTURE_AUTORELEASING = YES;
				CLANG_WARN_BOOL_CONVERSION = YES;
				CLANG_WARN_COMMA = YES;
				CLANG_WARN_CONSTANT_CONVERSION = YES;
				CLANG_WARN_DEPRECATED_OBJC_IMPLEMENTATIONS = YES;
				CLANG_WARN_DIRECT_OBJC_ISA_USAGE = YES_ERROR;
				CLANG_WARN_DOCUMENTATION_COMMENTS = YES;
				CLANG_WARN_EMPTY_BODY = YES;
				CLANG_WARN_ENUM_CONVERSION = YES;
				CLANG_WARN_INFINITE_RECURSION = YES;
				CLANG_WARN_INT_CONVERSION = YES;
				CLANG_WARN_NON_LITERAL_NULL_CONVERSION = YES;
				CLANG_WARN_OBJC_IMPLICIT_RETAIN_SELF = YES;
				CLANG_WARN_OBJC_LITERAL_CONVERSION = YES;
				CLANG_WARN_OBJC_ROOT_CLASS = YES_ERROR;
				CLANG_WARN_QUOTED_INCLUDE_IN_FRAMEWORK_HEADER = YES;
				CLANG_WARN_RANGE_LOOP_ANALYSIS = YES;
				CLANG_WARN_STRICT_PROTOTYPES = YES;
				CLANG_WARN_SUSPICIOUS_MOVE = YES;
				CLANG_WARN_UNGUARDED_AVAILABILITY = YES_AGGRESSIVE;
				CLANG_WARN_UNREACHABLE_CODE = YES;
				CLANG_WARN__DUPLICATE_METHOD_MATCH = YES;
				COPY_PHASE_STRIP = NO;
				DEBUG_INFORMATION_FORMAT = "dwarf-with-dsym";
				ENABLE_NS_ASSERTIONS = NO;
				ENABLE_STRICT_OBJC_MSGSEND = YES;
				ENABLE_USER_SCRIPT_SANDBOXING = YES;
				GCC_C_LANGUAGE_STANDARD = gnu17;
				GCC_NO_COMMON_BLOCKS = YES;
				GCC_WARN_64_TO_32_BIT_CONVERSION = YES;
				GCC_WARN_ABOUT_RETURN_TYPE = YES_ERROR;
				GCC_WARN_UNDECLARED_SELECTOR = YES;
				GCC_WARN_UNINITIALIZED_AUTOS = YES_AGGRESSIVE;
				GCC_WARN_UNUSED_FUNCTION = YES;
				GCC_WARN_UNUSED_VARIABLE = YES;
				IPHONEOS_DEPLOYMENT_TARGET = 17.0;
				LOCALIZATION_PREFERS_STRING_CATALOGS = YES;
				MTL_ENABLE_DEBUG_INFO = NO;
				MTL_FAST_MATH = YES;
				SDKROOT = iphoneos;
				SWIFT_COMPILATION_MODE = wholemodule;
				VALIDATE_PRODUCT = YES;
			};
			name = Release;
		};
		87BC74362AD02C2E009C2EE9 /* Debug */ = {
			isa = XCBuildConfiguration;
			buildSettings = {
				ASSETCATALOG_COMPILER_APPICON_NAME = AppIcon;
				ASSETCATALOG_COMPILER_GLOBAL_ACCENT_COLOR_NAME = AccentColor;
				CODE_SIGN_STYLE = Automatic;
				CURRENT_PROJECT_VERSION = 1;
				DEVELOPMENT_TEAM = AMLNY4CPQ6;
				GENERATE_INFOPLIST_FILE = YES;
				INFOPLIST_FILE = ImageFeed/Resources/Info.plist;
				INFOPLIST_KEY_UIApplicationSupportsIndirectInputEvents = YES;
				INFOPLIST_KEY_UILaunchStoryboardName = LaunchScreen;
				INFOPLIST_KEY_UIMainStoryboardFile = Main;
				INFOPLIST_KEY_UISupportedInterfaceOrientations = UIInterfaceOrientationPortrait;
				INFOPLIST_KEY_UISupportedInterfaceOrientations_iPad = "UIInterfaceOrientationLandscapeLeft UIInterfaceOrientationLandscapeRight UIInterfaceOrientationPortrait UIInterfaceOrientationPortraitUpsideDown";
				IPHONEOS_DEPLOYMENT_TARGET = 13.0;
				LD_RUNPATH_SEARCH_PATHS = (
					"$(inherited)",
					"@executable_path/Frameworks",
				);
				MARKETING_VERSION = 1.0;
				PRODUCT_BUNDLE_IDENTIFIER = ru.Mishal12g.ImageFeed;
				PRODUCT_NAME = "$(TARGET_NAME)";
				SUPPORTED_PLATFORMS = "iphoneos iphonesimulator";
				SUPPORTS_MACCATALYST = NO;
				SWIFT_EMIT_LOC_STRINGS = YES;
				SWIFT_VERSION = 5.0;
				TARGETED_DEVICE_FAMILY = 1;
			};
			name = Debug;
		};
		87BC74372AD02C2E009C2EE9 /* Release */ = {
			isa = XCBuildConfiguration;
			buildSettings = {
				ASSETCATALOG_COMPILER_APPICON_NAME = AppIcon;
				ASSETCATALOG_COMPILER_GLOBAL_ACCENT_COLOR_NAME = AccentColor;
				CODE_SIGN_STYLE = Automatic;
				CURRENT_PROJECT_VERSION = 1;
				DEVELOPMENT_TEAM = AMLNY4CPQ6;
				GENERATE_INFOPLIST_FILE = YES;
				INFOPLIST_FILE = ImageFeed/Resources/Info.plist;
				INFOPLIST_KEY_UIApplicationSupportsIndirectInputEvents = YES;
				INFOPLIST_KEY_UILaunchStoryboardName = LaunchScreen;
				INFOPLIST_KEY_UIMainStoryboardFile = Main;
				INFOPLIST_KEY_UISupportedInterfaceOrientations = UIInterfaceOrientationPortrait;
				INFOPLIST_KEY_UISupportedInterfaceOrientations_iPad = "UIInterfaceOrientationLandscapeLeft UIInterfaceOrientationLandscapeRight UIInterfaceOrientationPortrait UIInterfaceOrientationPortraitUpsideDown";
				IPHONEOS_DEPLOYMENT_TARGET = 13.0;
				LD_RUNPATH_SEARCH_PATHS = (
					"$(inherited)",
					"@executable_path/Frameworks",
				);
				MARKETING_VERSION = 1.0;
				PRODUCT_BUNDLE_IDENTIFIER = ru.Mishal12g.ImageFeed;
				PRODUCT_NAME = "$(TARGET_NAME)";
				SUPPORTED_PLATFORMS = "iphoneos iphonesimulator";
				SUPPORTS_MACCATALYST = NO;
				SWIFT_EMIT_LOC_STRINGS = YES;
				SWIFT_VERSION = 5.0;
				TARGETED_DEVICE_FAMILY = 1;
			};
			name = Release;
		};
/* End XCBuildConfiguration section */

/* Begin XCConfigurationList section */
		87BC741C2AD02C2C009C2EE9 /* Build configuration list for PBXProject "ImageFeed" */ = {
			isa = XCConfigurationList;
			buildConfigurations = (
				87BC74332AD02C2E009C2EE9 /* Debug */,
				87BC74342AD02C2E009C2EE9 /* Release */,
			);
			defaultConfigurationIsVisible = 0;
			defaultConfigurationName = Release;
		};
		87BC74352AD02C2E009C2EE9 /* Build configuration list for PBXNativeTarget "ImageFeed" */ = {
			isa = XCConfigurationList;
			buildConfigurations = (
				87BC74362AD02C2E009C2EE9 /* Debug */,
				87BC74372AD02C2E009C2EE9 /* Release */,
			);
			defaultConfigurationIsVisible = 0;
			defaultConfigurationName = Release;
		};
/* End XCConfigurationList section */

/* Begin XCRemoteSwiftPackageReference section */
		871EA8772B0B81B300C91A80 /* XCRemoteSwiftPackageReference "ProgressHUD" */ = {
			isa = XCRemoteSwiftPackageReference;
			repositoryURL = "https://github.com/relatedcode/ProgressHUD";
			requirement = {
				kind = upToNextMajorVersion;
				minimumVersion = 14.1.0;
			};
		};
		879667142B19E17D002D2ED3 /* XCRemoteSwiftPackageReference "SwiftKeychainWrapper" */ = {
			isa = XCRemoteSwiftPackageReference;
			repositoryURL = "https://github.com/jrendel/SwiftKeychainWrapper";
			requirement = {
				kind = upToNextMajorVersion;
				minimumVersion = 4.0.1;
			};
		};
		87B3C70A2B18BDC40028377D /* XCRemoteSwiftPackageReference "Kingfisher" */ = {
			isa = XCRemoteSwiftPackageReference;
			repositoryURL = "https://github.com/onevcat/Kingfisher.git";
			requirement = {
				kind = upToNextMajorVersion;
				minimumVersion = 7.10.0;
			};
		};
/* End XCRemoteSwiftPackageReference section */

/* Begin XCSwiftPackageProductDependency section */
		871EA8782B0B81B400C91A80 /* ProgressHUD */ = {
			isa = XCSwiftPackageProductDependency;
			package = 871EA8772B0B81B300C91A80 /* XCRemoteSwiftPackageReference "ProgressHUD" */;
			productName = ProgressHUD;
		};
		879667152B19E17D002D2ED3 /* SwiftKeychainWrapper */ = {
			isa = XCSwiftPackageProductDependency;
			package = 879667142B19E17D002D2ED3 /* XCRemoteSwiftPackageReference "SwiftKeychainWrapper" */;
			productName = SwiftKeychainWrapper;
		};
		87B3C70B2B18BDC40028377D /* Kingfisher */ = {
			isa = XCSwiftPackageProductDependency;
			package = 87B3C70A2B18BDC40028377D /* XCRemoteSwiftPackageReference "Kingfisher" */;
			productName = Kingfisher;
		};
/* End XCSwiftPackageProductDependency section */
	};
	rootObject = 87BC74192AD02C2C009C2EE9 /* Project object */;
}
